
Microsoft Visual Studio Solution File, Format Version 12.00
# Visual Studio 2013
VisualStudioVersion = 12.0.31101.0
MinimumVisualStudioVersion = 10.0.40219.1
Project("{8BC9CEB8-8B4A-11D0-8D11-00A0C91BC942}") = "InsertionSort", "InsertionSort\InsertionSort.vcxproj", "{2DE13D16-C639-48B1-B77F-D0E7571341A8}"
EndProject
Project("{8BC9CEB8-8B4A-11D0-8D11-00A0C91BC942}") = "ShellSort", "ShellSort\ShellSort.vcxproj", "{D9BACFDE-008D-4524-A3AC-5107DE8EC8EA}"
EndProject
Project("{8BC9CEB8-8B4A-11D0-8D11-00A0C91BC942}") = "BubbleSort", "BubbleSort\BubbleSort.vcxproj", "{9036B731-7A67-4F5D-B90C-01882A46520A}"
EndProject
Project("{8BC9CEB8-8B4A-11D0-8D11-00A0C91BC942}") = "SelectionSort", "SelectionSort\SelectionSort.vcxproj", "{09E05A39-B1C0-4EFF-8460-AC9DB4C4BB0F}"
EndProject
Project("{8BC9CEB8-8B4A-11D0-8D11-00A0C91BC942}") = "HeapSort", "HeapSort\HeapSort.vcxproj", "{ECBD6D53-116D-45C8-8D72-A04B19415E56}"
EndProject
Project("{8BC9CEB8-8B4A-11D0-8D11-00A0C91BC942}") = "RadixSort", "RadixSort\RadixSort.vcxproj", "{2CAA86FB-98AC-402F-842D-9084035EEF69}"
EndProject
Project("{8BC9CEB8-8B4A-11D0-8D11-00A0C91BC942}") = "MergeSort", "MergeSort\MergeSort.vcxproj", "{4A5ECE01-1610-44E2-91B0-17D0E8599766}"
EndProject
Project("{8BC9CEB8-8B4A-11D0-8D11-00A0C91BC942}") = "QuickSort", "QuickSort\QuickSort.vcxproj", "{37A2436F-191B-40E1-9F11-50ACFD531991}"
EndProject
Project("{8BC9CEB8-8B4A-11D0-8D11-00A0C91BC942}") = "ReverseList", "ReverseList\ReverseList.vcxproj", "{33B4B56A-5981-46EB-A6D0-9C650249B409}"
EndProject
Project("{8BC9CEB8-8B4A-11D0-8D11-00A0C91BC942}") = "Polynomial", "Polynomial\Polynomial.vcxproj", "{C1774B10-C088-4442-81A4-2150E572C153}"
EndProject
Project("{8BC9CEB8-8B4A-11D0-8D11-00A0C91BC942}") = "NQueue", "NQueue\NQueue.vcxproj", "{8965F695-0F08-48F7-84F3-EA2C878300E6}"
EndProject
Global
	GlobalSection(SolutionConfigurationPlatforms) = preSolution
		Debug|Win32 = Debug|Win32
		Release|Win32 = Release|Win32
	EndGlobalSection
	GlobalSection(ProjectConfigurationPlatforms) = postSolution
		{2DE13D16-C639-48B1-B77F-D0E7571341A8}.Debug|Win32.ActiveCfg = Debug|Win32
		{2DE13D16-C639-48B1-B77F-D0E7571341A8}.Debug|Win32.Build.0 = Debug|Win32
		{2DE13D16-C639-48B1-B77F-D0E7571341A8}.Release|Win32.ActiveCfg = Release|Win32
		{2DE13D16-C639-48B1-B77F-D0E7571341A8}.Release|Win32.Build.0 = Release|Win32
		{D9BACFDE-008D-4524-A3AC-5107DE8EC8EA}.Debug|Win32.ActiveCfg = Debug|Win32
		{D9BACFDE-008D-4524-A3AC-5107DE8EC8EA}.Debug|Win32.Build.0 = Debug|Win32
		{D9BACFDE-008D-4524-A3AC-5107DE8EC8EA}.Release|Win32.ActiveCfg = Release|Win32
		{D9BACFDE-008D-4524-A3AC-5107DE8EC8EA}.Release|Win32.Build.0 = Release|Win32
		{9036B731-7A67-4F5D-B90C-01882A46520A}.Debug|Win32.ActiveCfg = Debug|Win32
		{9036B731-7A67-4F5D-B90C-01882A46520A}.Debug|Win32.Build.0 = Debug|Win32
		{9036B731-7A67-4F5D-B90C-01882A46520A}.Release|Win32.ActiveCfg = Release|Win32
		{9036B731-7A67-4F5D-B90C-01882A46520A}.Release|Win32.Build.0 = Release|Win32
		{09E05A39-B1C0-4EFF-8460-AC9DB4C4BB0F}.Debug|Win32.ActiveCfg = Debug|Win32
		{09E05A39-B1C0-4EFF-8460-AC9DB4C4BB0F}.Debug|Win32.Build.0 = Debug|Win32
		{09E05A39-B1C0-4EFF-8460-AC9DB4C4BB0F}.Release|Win32.ActiveCfg = Release|Win32
		{09E05A39-B1C0-4EFF-8460-AC9DB4C4BB0F}.Release|Win32.Build.0 = Release|Win32
		{ECBD6D53-116D-45C8-8D72-A04B19415E56}.Debug|Win32.ActiveCfg = Debug|Win32
		{ECBD6D53-116D-45C8-8D72-A04B19415E56}.Debug|Win32.Build.0 = Debug|Win32
		{ECBD6D53-116D-45C8-8D72-A04B19415E56}.Release|Win32.ActiveCfg = Release|Win32
		{ECBD6D53-116D-45C8-8D72-A04B19415E56}.Release|Win32.Build.0 = Release|Win32
		{2CAA86FB-98AC-402F-842D-9084035EEF69}.Debug|Win32.ActiveCfg = Debug|Win32
		{2CAA86FB-98AC-402F-842D-9084035EEF69}.Debug|Win32.Build.0 = Debug|Win32
		{2CAA86FB-98AC-402F-842D-9084035EEF69}.Release|Win32.ActiveCfg = Release|Win32
		{2CAA86FB-98AC-402F-842D-9084035EEF69}.Release|Win32.Build.0 = Release|Win32
		{4A5ECE01-1610-44E2-91B0-17D0E8599766}.Debug|Win32.ActiveCfg = Debug|Win32
		{4A5ECE01-1610-44E2-91B0-17D0E8599766}.Debug|Win32.Build.0 = Debug|Win32
		{4A5ECE01-1610-44E2-91B0-17D0E8599766}.Release|Win32.ActiveCfg = Release|Win32
		{4A5ECE01-1610-44E2-91B0-17D0E8599766}.Release|Win32.Build.0 = Release|Win32
		{37A2436F-191B-40E1-9F11-50ACFD531991}.Debug|Win32.ActiveCfg = Debug|Win32
		{37A2436F-191B-40E1-9F11-50ACFD531991}.Debug|Win32.Build.0 = Debug|Win32
		{37A2436F-191B-40E1-9F11-50ACFD531991}.Release|Win32.ActiveCfg = Release|Win32
		{37A2436F-191B-40E1-9F11-50ACFD531991}.Release|Win32.Build.0 = Release|Win32
		{33B4B56A-5981-46EB-A6D0-9C650249B409}.Debug|Win32.ActiveCfg = Debug|Win32
		{33B4B56A-5981-46EB-A6D0-9C650249B409}.Debug|Win32.Build.0 = Debug|Win32
		{33B4B56A-5981-46EB-A6D0-9C650249B409}.Release|Win32.ActiveCfg = Release|Win32
		{33B4B56A-5981-46EB-A6D0-9C650249B409}.Release|Win32.Build.0 = Release|Win32
		{C1774B10-C088-4442-81A4-2150E572C153}.Debug|Win32.ActiveCfg = Debug|Win32
		{C1774B10-C088-4442-81A4-2150E572C153}.Debug|Win32.Build.0 = Debug|Win32
		{C1774B10-C088-4442-81A4-2150E572C153}.Release|Win32.ActiveCfg = Release|Win32
		{C1774B10-C088-4442-81A4-2150E572C153}.Release|Win32.Build.0 = Release|Win32
		{8965F695-0F08-48F7-84F3-EA2C878300E6}.Debug|Win32.ActiveCfg = Debug|Win32
		{8965F695-0F08-48F7-84F3-EA2C878300E6}.Debug|Win32.Build.0 = Debug|Win32
		{8965F695-0F08-48F7-84F3-EA2C878300E6}.Release|Win32.ActiveCfg = Release|Win32
		{8965F695-0F08-48F7-84F3-EA2C878300E6}.Release|Win32.Build.0 = Release|Win32
	EndGlobalSection
	GlobalSection(SolutionProperties) = preSolution
		HideSolutionNode = FALSE
	EndGlobalSection
EndGlobal
